
Microsoft Visual Studio Solution File, Format Version 12.00
# Visual Studio 14
VisualStudioVersion = 14.0.25420.1
MinimumVisualStudioVersion = 10.0.40219.1
Project("{8BC9CEB8-8B4A-11D0-8D11-00A0C91BC942}") = "01_图像格式转换", "01_图像格式转换\图像格式转换.vcxproj", "{199A5BEC-7B3E-41CD-A682-F94E1A6F4568}"
EndProject
Project("{8BC9CEB8-8B4A-11D0-8D11-00A0C91BC942}") = "02_DemoImageWatch", "02_DemoImageWatch\02_DemoImageWatch.vcxproj", "{2555855A-B9EC-4B09-A4D4-8B9EB41B3196}"
EndProject
Project("{8BC9CEB8-8B4A-11D0-8D11-00A0C91BC942}") = "03_TraverseImage", "03_TraverseImage\03_TraverseImage.vcxproj", "{49268EAD-0195-4642-9D6E-3201C341D2C2}"
EndProject
Project("{8BC9CEB8-8B4A-11D0-8D11-00A0C91BC942}") = "04_Mat数据类型", "04_Mat数据类型\04_Mat数据类型.vcxproj", "{BAD1E72A-6246-4BBB-AB52-D395B831F20D}"
EndProject
Project("{8BC9CEB8-8B4A-11D0-8D11-00A0C91BC942}") = "05_normalize", "05_normalize\05_normalize.vcxproj", "{5B6C8FDD-BE53-486A-B196-651550B5EDDB}"
EndProject
Project("{8BC9CEB8-8B4A-11D0-8D11-00A0C91BC942}") = "06_01_grabCut", "06_grabCut\06_grabCut.vcxproj", "{897AC1EF-E5A3-4311-B581-79BD0F961393}"
EndProject
Project("{8BC9CEB8-8B4A-11D0-8D11-00A0C91BC942}") = "07_滤波函数", "07_滤波函数\07_滤波函数.vcxproj", "{5948B2FA-FEAE-4437-AC35-A29EBF2DB8D6}"
EndProject
Project("{8BC9CEB8-8B4A-11D0-8D11-00A0C91BC942}") = "06_02_grabcut_official_example", "06_02_grabcut_official_example\06_02_grabcut_official_example.vcxproj", "{9A58D055-1F03-4B4F-B57F-951F6A106A55}"
EndProject
Project("{8BC9CEB8-8B4A-11D0-8D11-00A0C91BC942}") = "08_叠加显示图层", "08_叠加显示图层\08_叠加显示图层.vcxproj", "{4152E51F-F336-44DF-B47E-187F9E5B628D}"
EndProject
Project("{8BC9CEB8-8B4A-11D0-8D11-00A0C91BC942}") = "09_矢量数据类型", "09_矢量数据类型\09_矢量数据类型.vcxproj", "{8850BBAD-60D6-4A57-97FB-4E785FF11D33}"
EndProject
Project("{8BC9CEB8-8B4A-11D0-8D11-00A0C91BC942}") = "10_01_kmeans_official_example", "10_01_kmeans_official_example\10_01_kmeans_official_example.vcxproj", "{8B7850FE-EC2E-427A-BBF1-E941B9739CDC}"
EndProject
Project("{8BC9CEB8-8B4A-11D0-8D11-00A0C91BC942}") = "06_04_grabcut_extract", "06_04_grabcut_extract\06_04_grabcut_extract.vcxproj", "{9502B1FC-B2AC-439A-9878-3BD0D14BCE9A}"
EndProject
Project("{8BC9CEB8-8B4A-11D0-8D11-00A0C91BC942}") = "06_03_grabcut_extract_modify", "06_03_grabcut_extract_modify\06_03_grabcut_extract_modify.vcxproj", "{EDD6B08E-5C1E-4D82-B272-81466FE01352}"
EndProject
Project("{8BC9CEB8-8B4A-11D0-8D11-00A0C91BC942}") = "11_01_数学函数", "11_01_数学函数\11_01_数学函数.vcxproj", "{3F158BA8-0F8F-410D-B44D-0FADC5CA2962}"
EndProject
Project("{8BC9CEB8-8B4A-11D0-8D11-00A0C91BC942}") = "12_01_VedioCapture", "12_01_VedioCapture\12_01_VedioCapture.vcxproj", "{7BF0FE43-1C66-4890-83E9-6AA9DACE20B8}"
EndProject
Project("{8BC9CEB8-8B4A-11D0-8D11-00A0C91BC942}") = "00_Temp", "00_Temp\00_Temp.vcxproj", "{86E7DE08-E25F-4376-BA6E-519C38346DF8}"
EndProject
Project("{8BC9CEB8-8B4A-11D0-8D11-00A0C91BC942}") = "13_02_SLIC_Demo2", "13_01_SLIC\13_01_SLIC.vcxproj", "{1590B40D-0AB0-44E2-857B-43D60DAFEBB9}"
EndProject
Project("{8BC9CEB8-8B4A-11D0-8D11-00A0C91BC942}") = "10_02_kmeans_demo2", "10_02_kmeans_demo2\10_02_kmeans_demo2.vcxproj", "{BD75ECB2-D1E6-4087-8BED-1F1D0D3C123B}"
EndProject
Project("{8BC9CEB8-8B4A-11D0-8D11-00A0C91BC942}") = "10_03_kmeans_demo3", "10_03_kmeans_demo3\10_03_kmeans_demo3.vcxproj", "{95F92494-FAF9-4D0C-96A0-D36607B9AE2A}"
EndProject
Project("{8BC9CEB8-8B4A-11D0-8D11-00A0C91BC942}") = "14_01_canny_demo", "14_01_canny_demo\14_01_canny_demo.vcxproj", "{F1CFBE78-35CD-4C1E-B99A-4298909A5694}"
EndProject
Project("{8BC9CEB8-8B4A-11D0-8D11-00A0C91BC942}") = "13_01_SLIC_Demo1", "14_01_SLIC_Demo1\14_01_SLIC_Demo1.vcxproj", "{6305E492-C038-4AC7-8E1E-A99ACF7D0937}"
EndProject
Project("{8BC9CEB8-8B4A-11D0-8D11-00A0C91BC942}") = "13_03_三种超像素", "13_03_三种超像素\13_03_三种超像素.vcxproj", "{9D4421F5-3C31-4758-90C4-1ADE183BC920}"
EndProject
Global
	GlobalSection(SolutionConfigurationPlatforms) = preSolution
		Debug|x64 = Debug|x64
		Debug|x86 = Debug|x86
		Release|x64 = Release|x64
		Release|x86 = Release|x86
	EndGlobalSection
	GlobalSection(ProjectConfigurationPlatforms) = postSolution
		{199A5BEC-7B3E-41CD-A682-F94E1A6F4568}.Debug|x64.ActiveCfg = Debug|x64
		{199A5BEC-7B3E-41CD-A682-F94E1A6F4568}.Debug|x64.Build.0 = Debug|x64
		{199A5BEC-7B3E-41CD-A682-F94E1A6F4568}.Debug|x86.ActiveCfg = Debug|Win32
		{199A5BEC-7B3E-41CD-A682-F94E1A6F4568}.Debug|x86.Build.0 = Debug|Win32
		{199A5BEC-7B3E-41CD-A682-F94E1A6F4568}.Release|x64.ActiveCfg = Release|x64
		{199A5BEC-7B3E-41CD-A682-F94E1A6F4568}.Release|x64.Build.0 = Release|x64
		{199A5BEC-7B3E-41CD-A682-F94E1A6F4568}.Release|x86.ActiveCfg = Release|Win32
		{199A5BEC-7B3E-41CD-A682-F94E1A6F4568}.Release|x86.Build.0 = Release|Win32
		{2555855A-B9EC-4B09-A4D4-8B9EB41B3196}.Debug|x64.ActiveCfg = Debug|x64
		{2555855A-B9EC-4B09-A4D4-8B9EB41B3196}.Debug|x64.Build.0 = Debug|x64
		{2555855A-B9EC-4B09-A4D4-8B9EB41B3196}.Debug|x86.ActiveCfg = Debug|Win32
		{2555855A-B9EC-4B09-A4D4-8B9EB41B3196}.Debug|x86.Build.0 = Debug|Win32
		{2555855A-B9EC-4B09-A4D4-8B9EB41B3196}.Release|x64.ActiveCfg = Release|x64
		{2555855A-B9EC-4B09-A4D4-8B9EB41B3196}.Release|x64.Build.0 = Release|x64
		{2555855A-B9EC-4B09-A4D4-8B9EB41B3196}.Release|x86.ActiveCfg = Release|Win32
		{2555855A-B9EC-4B09-A4D4-8B9EB41B3196}.Release|x86.Build.0 = Release|Win32
		{49268EAD-0195-4642-9D6E-3201C341D2C2}.Debug|x64.ActiveCfg = Debug|x64
		{49268EAD-0195-4642-9D6E-3201C341D2C2}.Debug|x64.Build.0 = Debug|x64
		{49268EAD-0195-4642-9D6E-3201C341D2C2}.Debug|x86.ActiveCfg = Debug|Win32
		{49268EAD-0195-4642-9D6E-3201C341D2C2}.Debug|x86.Build.0 = Debug|Win32
		{49268EAD-0195-4642-9D6E-3201C341D2C2}.Release|x64.ActiveCfg = Release|x64
		{49268EAD-0195-4642-9D6E-3201C341D2C2}.Release|x64.Build.0 = Release|x64
		{49268EAD-0195-4642-9D6E-3201C341D2C2}.Release|x86.ActiveCfg = Release|Win32
		{49268EAD-0195-4642-9D6E-3201C341D2C2}.Release|x86.Build.0 = Release|Win32
		{BAD1E72A-6246-4BBB-AB52-D395B831F20D}.Debug|x64.ActiveCfg = Debug|x64
		{BAD1E72A-6246-4BBB-AB52-D395B831F20D}.Debug|x64.Build.0 = Debug|x64
		{BAD1E72A-6246-4BBB-AB52-D395B831F20D}.Debug|x86.ActiveCfg = Debug|Win32
		{BAD1E72A-6246-4BBB-AB52-D395B831F20D}.Debug|x86.Build.0 = Debug|Win32
		{BAD1E72A-6246-4BBB-AB52-D395B831F20D}.Release|x64.ActiveCfg = Release|x64
		{BAD1E72A-6246-4BBB-AB52-D395B831F20D}.Release|x64.Build.0 = Release|x64
		{BAD1E72A-6246-4BBB-AB52-D395B831F20D}.Release|x86.ActiveCfg = Release|Win32
		{BAD1E72A-6246-4BBB-AB52-D395B831F20D}.Release|x86.Build.0 = Release|Win32
		{5B6C8FDD-BE53-486A-B196-651550B5EDDB}.Debug|x64.ActiveCfg = Debug|x64
		{5B6C8FDD-BE53-486A-B196-651550B5EDDB}.Debug|x64.Build.0 = Debug|x64
		{5B6C8FDD-BE53-486A-B196-651550B5EDDB}.Debug|x86.ActiveCfg = Debug|Win32
		{5B6C8FDD-BE53-486A-B196-651550B5EDDB}.Debug|x86.Build.0 = Debug|Win32
		{5B6C8FDD-BE53-486A-B196-651550B5EDDB}.Release|x64.ActiveCfg = Release|x64
		{5B6C8FDD-BE53-486A-B196-651550B5EDDB}.Release|x64.Build.0 = Release|x64
		{5B6C8FDD-BE53-486A-B196-651550B5EDDB}.Release|x86.ActiveCfg = Release|Win32
		{5B6C8FDD-BE53-486A-B196-651550B5EDDB}.Release|x86.Build.0 = Release|Win32
		{897AC1EF-E5A3-4311-B581-79BD0F961393}.Debug|x64.ActiveCfg = Debug|x64
		{897AC1EF-E5A3-4311-B581-79BD0F961393}.Debug|x64.Build.0 = Debug|x64
		{897AC1EF-E5A3-4311-B581-79BD0F961393}.Debug|x86.ActiveCfg = Debug|Win32
		{897AC1EF-E5A3-4311-B581-79BD0F961393}.Debug|x86.Build.0 = Debug|Win32
		{897AC1EF-E5A3-4311-B581-79BD0F961393}.Release|x64.ActiveCfg = Release|x64
		{897AC1EF-E5A3-4311-B581-79BD0F961393}.Release|x64.Build.0 = Release|x64
		{897AC1EF-E5A3-4311-B581-79BD0F961393}.Release|x86.ActiveCfg = Release|Win32
		{897AC1EF-E5A3-4311-B581-79BD0F961393}.Release|x86.Build.0 = Release|Win32
		{5948B2FA-FEAE-4437-AC35-A29EBF2DB8D6}.Debug|x64.ActiveCfg = Debug|x64
		{5948B2FA-FEAE-4437-AC35-A29EBF2DB8D6}.Debug|x64.Build.0 = Debug|x64
		{5948B2FA-FEAE-4437-AC35-A29EBF2DB8D6}.Debug|x86.ActiveCfg = Debug|Win32
		{5948B2FA-FEAE-4437-AC35-A29EBF2DB8D6}.Debug|x86.Build.0 = Debug|Win32
		{5948B2FA-FEAE-4437-AC35-A29EBF2DB8D6}.Release|x64.ActiveCfg = Release|x64
		{5948B2FA-FEAE-4437-AC35-A29EBF2DB8D6}.Release|x64.Build.0 = Release|x64
		{5948B2FA-FEAE-4437-AC35-A29EBF2DB8D6}.Release|x86.ActiveCfg = Release|Win32
		{5948B2FA-FEAE-4437-AC35-A29EBF2DB8D6}.Release|x86.Build.0 = Release|Win32
		{9A58D055-1F03-4B4F-B57F-951F6A106A55}.Debug|x64.ActiveCfg = Debug|x64
		{9A58D055-1F03-4B4F-B57F-951F6A106A55}.Debug|x64.Build.0 = Debug|x64
		{9A58D055-1F03-4B4F-B57F-951F6A106A55}.Debug|x86.ActiveCfg = Debug|Win32
		{9A58D055-1F03-4B4F-B57F-951F6A106A55}.Debug|x86.Build.0 = Debug|Win32
		{9A58D055-1F03-4B4F-B57F-951F6A106A55}.Release|x64.ActiveCfg = Release|x64
		{9A58D055-1F03-4B4F-B57F-951F6A106A55}.Release|x64.Build.0 = Release|x64
		{9A58D055-1F03-4B4F-B57F-951F6A106A55}.Release|x86.ActiveCfg = Release|Win32
		{9A58D055-1F03-4B4F-B57F-951F6A106A55}.Release|x86.Build.0 = Release|Win32
		{4152E51F-F336-44DF-B47E-187F9E5B628D}.Debug|x64.ActiveCfg = Debug|x64
		{4152E51F-F336-44DF-B47E-187F9E5B628D}.Debug|x64.Build.0 = Debug|x64
		{4152E51F-F336-44DF-B47E-187F9E5B628D}.Debug|x86.ActiveCfg = Debug|Win32
		{4152E51F-F336-44DF-B47E-187F9E5B628D}.Debug|x86.Build.0 = Debug|Win32
		{4152E51F-F336-44DF-B47E-187F9E5B628D}.Release|x64.ActiveCfg = Release|x64
		{4152E51F-F336-44DF-B47E-187F9E5B628D}.Release|x64.Build.0 = Release|x64
		{4152E51F-F336-44DF-B47E-187F9E5B628D}.Release|x86.ActiveCfg = Release|Win32
		{4152E51F-F336-44DF-B47E-187F9E5B628D}.Release|x86.Build.0 = Release|Win32
		{8850BBAD-60D6-4A57-97FB-4E785FF11D33}.Debug|x64.ActiveCfg = Debug|x64
		{8850BBAD-60D6-4A57-97FB-4E785FF11D33}.Debug|x64.Build.0 = Debug|x64
		{8850BBAD-60D6-4A57-97FB-4E785FF11D33}.Debug|x86.ActiveCfg = Debug|Win32
		{8850BBAD-60D6-4A57-97FB-4E785FF11D33}.Debug|x86.Build.0 = Debug|Win32
		{8850BBAD-60D6-4A57-97FB-4E785FF11D33}.Release|x64.ActiveCfg = Release|x64
		{8850BBAD-60D6-4A57-97FB-4E785FF11D33}.Release|x64.Build.0 = Release|x64
		{8850BBAD-60D6-4A57-97FB-4E785FF11D33}.Release|x86.ActiveCfg = Release|Win32
		{8850BBAD-60D6-4A57-97FB-4E785FF11D33}.Release|x86.Build.0 = Release|Win32
		{8B7850FE-EC2E-427A-BBF1-E941B9739CDC}.Debug|x64.ActiveCfg = Debug|x64
		{8B7850FE-EC2E-427A-BBF1-E941B9739CDC}.Debug|x64.Build.0 = Debug|x64
		{8B7850FE-EC2E-427A-BBF1-E941B9739CDC}.Debug|x86.ActiveCfg = Debug|Win32
		{8B7850FE-EC2E-427A-BBF1-E941B9739CDC}.Debug|x86.Build.0 = Debug|Win32
		{8B7850FE-EC2E-427A-BBF1-E941B9739CDC}.Release|x64.ActiveCfg = Release|x64
		{8B7850FE-EC2E-427A-BBF1-E941B9739CDC}.Release|x64.Build.0 = Release|x64
		{8B7850FE-EC2E-427A-BBF1-E941B9739CDC}.Release|x86.ActiveCfg = Release|Win32
		{8B7850FE-EC2E-427A-BBF1-E941B9739CDC}.Release|x86.Build.0 = Release|Win32
		{9502B1FC-B2AC-439A-9878-3BD0D14BCE9A}.Debug|x64.ActiveCfg = Debug|x64
		{9502B1FC-B2AC-439A-9878-3BD0D14BCE9A}.Debug|x64.Build.0 = Debug|x64
		{9502B1FC-B2AC-439A-9878-3BD0D14BCE9A}.Debug|x86.ActiveCfg = Debug|Win32
		{9502B1FC-B2AC-439A-9878-3BD0D14BCE9A}.Debug|x86.Build.0 = Debug|Win32
		{9502B1FC-B2AC-439A-9878-3BD0D14BCE9A}.Release|x64.ActiveCfg = Release|x64
		{9502B1FC-B2AC-439A-9878-3BD0D14BCE9A}.Release|x64.Build.0 = Release|x64
		{9502B1FC-B2AC-439A-9878-3BD0D14BCE9A}.Release|x86.ActiveCfg = Release|Win32
		{9502B1FC-B2AC-439A-9878-3BD0D14BCE9A}.Release|x86.Build.0 = Release|Win32
		{EDD6B08E-5C1E-4D82-B272-81466FE01352}.Debug|x64.ActiveCfg = Debug|x64
		{EDD6B08E-5C1E-4D82-B272-81466FE01352}.Debug|x64.Build.0 = Debug|x64
		{EDD6B08E-5C1E-4D82-B272-81466FE01352}.Debug|x86.ActiveCfg = Debug|Win32
		{EDD6B08E-5C1E-4D82-B272-81466FE01352}.Debug|x86.Build.0 = Debug|Win32
		{EDD6B08E-5C1E-4D82-B272-81466FE01352}.Release|x64.ActiveCfg = Release|x64
		{EDD6B08E-5C1E-4D82-B272-81466FE01352}.Release|x64.Build.0 = Release|x64
		{EDD6B08E-5C1E-4D82-B272-81466FE01352}.Release|x86.ActiveCfg = Release|Win32
		{EDD6B08E-5C1E-4D82-B272-81466FE01352}.Release|x86.Build.0 = Release|Win32
		{3F158BA8-0F8F-410D-B44D-0FADC5CA2962}.Debug|x64.ActiveCfg = Debug|x64
		{3F158BA8-0F8F-410D-B44D-0FADC5CA2962}.Debug|x64.Build.0 = Debug|x64
		{3F158BA8-0F8F-410D-B44D-0FADC5CA2962}.Debug|x86.ActiveCfg = Debug|Win32
		{3F158BA8-0F8F-410D-B44D-0FADC5CA2962}.Debug|x86.Build.0 = Debug|Win32
		{3F158BA8-0F8F-410D-B44D-0FADC5CA2962}.Release|x64.ActiveCfg = Release|x64
		{3F158BA8-0F8F-410D-B44D-0FADC5CA2962}.Release|x64.Build.0 = Release|x64
		{3F158BA8-0F8F-410D-B44D-0FADC5CA2962}.Release|x86.ActiveCfg = Release|Win32
		{3F158BA8-0F8F-410D-B44D-0FADC5CA2962}.Release|x86.Build.0 = Release|Win32
		{7BF0FE43-1C66-4890-83E9-6AA9DACE20B8}.Debug|x64.ActiveCfg = Debug|x64
		{7BF0FE43-1C66-4890-83E9-6AA9DACE20B8}.Debug|x64.Build.0 = Debug|x64
		{7BF0FE43-1C66-4890-83E9-6AA9DACE20B8}.Debug|x86.ActiveCfg = Debug|Win32
		{7BF0FE43-1C66-4890-83E9-6AA9DACE20B8}.Debug|x86.Build.0 = Debug|Win32
		{7BF0FE43-1C66-4890-83E9-6AA9DACE20B8}.Release|x64.ActiveCfg = Release|x64
		{7BF0FE43-1C66-4890-83E9-6AA9DACE20B8}.Release|x64.Build.0 = Release|x64
		{7BF0FE43-1C66-4890-83E9-6AA9DACE20B8}.Release|x86.ActiveCfg = Release|Win32
		{7BF0FE43-1C66-4890-83E9-6AA9DACE20B8}.Release|x86.Build.0 = Release|Win32
		{86E7DE08-E25F-4376-BA6E-519C38346DF8}.Debug|x64.ActiveCfg = Debug|x64
		{86E7DE08-E25F-4376-BA6E-519C38346DF8}.Debug|x64.Build.0 = Debug|x64
		{86E7DE08-E25F-4376-BA6E-519C38346DF8}.Debug|x86.ActiveCfg = Debug|Win32
		{86E7DE08-E25F-4376-BA6E-519C38346DF8}.Debug|x86.Build.0 = Debug|Win32
		{86E7DE08-E25F-4376-BA6E-519C38346DF8}.Release|x64.ActiveCfg = Release|x64
		{86E7DE08-E25F-4376-BA6E-519C38346DF8}.Release|x64.Build.0 = Release|x64
		{86E7DE08-E25F-4376-BA6E-519C38346DF8}.Release|x86.ActiveCfg = Release|Win32
		{86E7DE08-E25F-4376-BA6E-519C38346DF8}.Release|x86.Build.0 = Release|Win32
		{1590B40D-0AB0-44E2-857B-43D60DAFEBB9}.Debug|x64.ActiveCfg = Debug|x64
		{1590B40D-0AB0-44E2-857B-43D60DAFEBB9}.Debug|x64.Build.0 = Debug|x64
		{1590B40D-0AB0-44E2-857B-43D60DAFEBB9}.Debug|x86.ActiveCfg = Debug|Win32
		{1590B40D-0AB0-44E2-857B-43D60DAFEBB9}.Debug|x86.Build.0 = Debug|Win32
		{1590B40D-0AB0-44E2-857B-43D60DAFEBB9}.Release|x64.ActiveCfg = Release|x64
		{1590B40D-0AB0-44E2-857B-43D60DAFEBB9}.Release|x64.Build.0 = Release|x64
		{1590B40D-0AB0-44E2-857B-43D60DAFEBB9}.Release|x86.ActiveCfg = Release|Win32
		{1590B40D-0AB0-44E2-857B-43D60DAFEBB9}.Release|x86.Build.0 = Release|Win32
		{BD75ECB2-D1E6-4087-8BED-1F1D0D3C123B}.Debug|x64.ActiveCfg = Debug|x64
		{BD75ECB2-D1E6-4087-8BED-1F1D0D3C123B}.Debug|x64.Build.0 = Debug|x64
		{BD75ECB2-D1E6-4087-8BED-1F1D0D3C123B}.Debug|x86.ActiveCfg = Debug|Win32
		{BD75ECB2-D1E6-4087-8BED-1F1D0D3C123B}.Debug|x86.Build.0 = Debug|Win32
		{BD75ECB2-D1E6-4087-8BED-1F1D0D3C123B}.Release|x64.ActiveCfg = Release|x64
		{BD75ECB2-D1E6-4087-8BED-1F1D0D3C123B}.Release|x64.Build.0 = Release|x64
		{BD75ECB2-D1E6-4087-8BED-1F1D0D3C123B}.Release|x86.ActiveCfg = Release|Win32
		{BD75ECB2-D1E6-4087-8BED-1F1D0D3C123B}.Release|x86.Build.0 = Release|Win32
		{95F92494-FAF9-4D0C-96A0-D36607B9AE2A}.Debug|x64.ActiveCfg = Debug|x64
		{95F92494-FAF9-4D0C-96A0-D36607B9AE2A}.Debug|x64.Build.0 = Debug|x64
		{95F92494-FAF9-4D0C-96A0-D36607B9AE2A}.Debug|x86.ActiveCfg = Debug|Win32
		{95F92494-FAF9-4D0C-96A0-D36607B9AE2A}.Debug|x86.Build.0 = Debug|Win32
		{95F92494-FAF9-4D0C-96A0-D36607B9AE2A}.Release|x64.ActiveCfg = Release|x64
		{95F92494-FAF9-4D0C-96A0-D36607B9AE2A}.Release|x64.Build.0 = Release|x64
		{95F92494-FAF9-4D0C-96A0-D36607B9AE2A}.Release|x86.ActiveCfg = Release|Win32
		{95F92494-FAF9-4D0C-96A0-D36607B9AE2A}.Release|x86.Build.0 = Release|Win32
		{F1CFBE78-35CD-4C1E-B99A-4298909A5694}.Debug|x64.ActiveCfg = Debug|x64
		{F1CFBE78-35CD-4C1E-B99A-4298909A5694}.Debug|x64.Build.0 = Debug|x64
		{F1CFBE78-35CD-4C1E-B99A-4298909A5694}.Debug|x86.ActiveCfg = Debug|Win32
		{F1CFBE78-35CD-4C1E-B99A-4298909A5694}.Debug|x86.Build.0 = Debug|Win32
		{F1CFBE78-35CD-4C1E-B99A-4298909A5694}.Release|x64.ActiveCfg = Release|x64
		{F1CFBE78-35CD-4C1E-B99A-4298909A5694}.Release|x64.Build.0 = Release|x64
		{F1CFBE78-35CD-4C1E-B99A-4298909A5694}.Release|x86.ActiveCfg = Release|Win32
		{F1CFBE78-35CD-4C1E-B99A-4298909A5694}.Release|x86.Build.0 = Release|Win32
		{6305E492-C038-4AC7-8E1E-A99ACF7D0937}.Debug|x64.ActiveCfg = Debug|x64
		{6305E492-C038-4AC7-8E1E-A99ACF7D0937}.Debug|x64.Build.0 = Debug|x64
		{6305E492-C038-4AC7-8E1E-A99ACF7D0937}.Debug|x86.ActiveCfg = Debug|Win32
		{6305E492-C038-4AC7-8E1E-A99ACF7D0937}.Debug|x86.Build.0 = Debug|Win32
		{6305E492-C038-4AC7-8E1E-A99ACF7D0937}.Release|x64.ActiveCfg = Release|x64
		{6305E492-C038-4AC7-8E1E-A99ACF7D0937}.Release|x64.Build.0 = Release|x64
		{6305E492-C038-4AC7-8E1E-A99ACF7D0937}.Release|x86.ActiveCfg = Release|Win32
		{6305E492-C038-4AC7-8E1E-A99ACF7D0937}.Release|x86.Build.0 = Release|Win32
		{9D4421F5-3C31-4758-90C4-1ADE183BC920}.Debug|x64.ActiveCfg = Debug|x64
		{9D4421F5-3C31-4758-90C4-1ADE183BC920}.Debug|x64.Build.0 = Debug|x64
		{9D4421F5-3C31-4758-90C4-1ADE183BC920}.Debug|x86.ActiveCfg = Debug|Win32
		{9D4421F5-3C31-4758-90C4-1ADE183BC920}.Debug|x86.Build.0 = Debug|Win32
		{9D4421F5-3C31-4758-90C4-1ADE183BC920}.Release|x64.ActiveCfg = Release|x64
		{9D4421F5-3C31-4758-90C4-1ADE183BC920}.Release|x64.Build.0 = Release|x64
		{9D4421F5-3C31-4758-90C4-1ADE183BC920}.Release|x86.ActiveCfg = Release|Win32
		{9D4421F5-3C31-4758-90C4-1ADE183BC920}.Release|x86.Build.0 = Release|Win32
	EndGlobalSection
	GlobalSection(SolutionProperties) = preSolution
		HideSolutionNode = FALSE
	EndGlobalSection
EndGlobal
